// !$*UTF8*$!
{
	archiveVersion = 1;
	classes = {
	};
	objectVersion = 46;
	objects = {

/* Begin PBXBuildFile section */
		62CA732719FF50F60007514A /* main.cpp in Sources */ = {isa = PBXBuildFile; fileRef = 62CA732619FF50F60007514A /* main.cpp */; };
		62CA733219FF51630007514A /* bufferManager.cpp in Sources */ = {isa = PBXBuildFile; fileRef = 62CA733019FF51630007514A /* bufferManager.cpp */; };
/* End PBXBuildFile section */

/* Begin PBXCopyFilesBuildPhase section */
		62CA732119FF50F60007514A /* CopyFiles */ = {
			isa = PBXCopyFilesBuildPhase;
			buildActionMask = 2147483647;
			dstPath = /usr/share/man/man1/;
			dstSubfolderSpec = 0;
			files = (
			);
			runOnlyForDeploymentPostprocessing = 1;
		};
/* End PBXCopyFilesBuildPhase section */

/* Begin PBXFileReference section */
		62CA732319FF50F60007514A /* bufferManager */ = {isa = PBXFileReference; explicitFileType = "compiled.mach-o.executable"; includeInIndex = 0; path = bufferManager; sourceTree = BUILT_PRODUCTS_DIR; };
		62CA732619FF50F60007514A /* main.cpp */ = {isa = PBXFileReference; lastKnownFileType = sourcecode.cpp.cpp; path = main.cpp; sourceTree = "<group>"; };
		62CA733019FF51630007514A /* bufferManager.cpp */ = {isa = PBXFileReference; fileEncoding = 4; lastKnownFileType = sourcecode.cpp.cpp; path = bufferManager.cpp; sourceTree = "<group>"; };
		62CA733119FF51630007514A /* bufferManager.h */ = {isa = PBXFileReference; fileEncoding = 4; lastKnownFileType = sourcecode.c.h; path = bufferManager.h; sourceTree = "<group>"; };
/* End PBXFileReference section */

/* Begin PBXFrameworksBuildPhase section */
		62CA732019FF50F60007514A /* Frameworks */ = {
			isa = PBXFrameworksBuildPhase;
			buildActionMask = 2147483647;
			files = (
			);
			runOnlyForDeploymentPostprocessing = 0;
		};
/* End PBXFrameworksBuildPhase section */

/* Begin PBXGroup section */
		62CA731A19FF50F60007514A = {
			isa = PBXGroup;
			children = (
				62CA732519FF50F60007514A /* bufferManager */,
				62CA732419FF50F60007514A /* Products */,
			);
			sourceTree = "<group>";
		};
		62CA732419FF50F60007514A /* Products */ = {
			isa = PBXGroup;
			children = (
				62CA732319FF50F60007514A /* bufferManager */,
			);
			name = Products;
			sourceTree = "<group>";
		};
		62CA732519FF50F60007514A /* bufferManager */ = {
			isa = PBXGroup;
			children = (
				62CA732619FF50F60007514A /* main.cpp */,
				62CA733019FF51630007514A /* bufferManager.cpp */,
				62CA733119FF51630007514A /* bufferManager.h */,
			);
			path = bufferManager;
			sourceTree = "<group>";
		};
/* End PBXGroup section */

/* Begin PBXNativeTarget section */
		62CA732219FF50F60007514A /* bufferManager */ = {
			isa = PBXNativeTarget;
			buildConfigurationList = 62CA732A19FF50F60007514A /* Build configuration list for PBXNativeTarget "bufferManager" */;
			buildPhases = (
				62CA731F19FF50F60007514A /* Sources */,
				62CA732019FF50F60007514A /* Frameworks */,
				62CA732119FF50F60007514A /* CopyFiles */,
			);
			buildRules = (
			);
			dependencies = (
			);
			name = bufferManager;
			productName = bufferManager;
			productReference = 62CA732319FF50F60007514A /* bufferManager */;
			productType = "com.apple.product-type.tool";
		};
/* End PBXNativeTarget section */

/* Begin PBXProject section */
		62CA731B19FF50F60007514A /* Project object */ = {
			isa = PBXProject;
			attributes = {
				LastUpgradeCheck = 0600;
				ORGANIZATIONNAME = "黄佳睿";
				TargetAttributes = {
					62CA732219FF50F60007514A = {
						CreatedOnToolsVersion = 6.0.1;
					};
				};
			};
			buildConfigurationList = 62CA731E19FF50F60007514A /* Build configuration list for PBXProject "bufferManager" */;
			compatibilityVersion = "Xcode 3.2";
			developmentRegion = English;
			hasScannedForEncodings = 0;
			knownRegions = (
				en,
			);
			mainGroup = 62CA731A19FF50F60007514A;
			productRefGroup = 62CA732419FF50F60007514A /* Products */;
			projectDirPath = "";
			projectRoot = "";
			targets = (
				62CA732219FF50F60007514A /* bufferManager */,
			);
		};
/* End PBXProject section */

/* Begin PBXSourcesBuildPhase section */
		62CA731F19FF50F60007514A /* Sources */ = {
			isa = PBXSourcesBuildPhase;
			buildActionMask = 2147483647;
			files = (
				62CA732719FF50F60007514A /* main.cpp in Sources */,
				62CA733219FF51630007514A /* bufferManager.cpp in Sources */,
			);
			runOnlyForDeploymentPostprocessing = 0;
		};
/* End PBXSourcesBuildPhase section */

/* Begin XCBuildConfiguration section */
		62CA732819FF50F60007514A /* Debug */ = {
			isa = XCBuildConfiguration;
			buildSettings = {
				ALWAYS_SEARCH_USER_PATHS = NO;
				CLANG_CXX_LANGUAGE_STANDARD = "gnu++0x";
				CLANG_CXX_LIBRARY = "libc++";
				CLANG_ENABLE_MODULES = YES;
				CLANG_ENABLE_OBJC_ARC = YES;
				CLANG_WARN_BOOL_CONVERSION = YES;
				CLANG_WARN_CONSTANT_CONVERSION = YES;
				CLANG_WARN_DIRECT_OBJC_ISA_USAGE = YES_ERROR;
				CLANG_WARN_EMPTY_BODY = YES;
				CLANG_WARN_ENUM_CONVERSION = YES;
				CLANG_WARN_INT_CONVERSION = YES;
				CLANG_WARN_OBJC_ROOT_CLASS = YES_ERROR;
				CLANG_WARN_UNREACHABLE_CODE = YES;
				CLANG_WARN__DUPLICATE_METHOD_MATCH = YES;
				COPY_PHASE_STRIP = NO;
				ENABLE_STRICT_OBJC_MSGSEND = YES;
				GCC_C_LANGUAGE_STANDARD = gnu99;
				GCC_DYNAMIC_NO_PIC = NO;
				GCC_OPTIMIZATION_LEVEL = 0;
				GCC_PREPROCESSOR_DEFINITIONS = (
					"DEBUG=1",
					"$(inherited)",
				);
				GCC_SYMBOLS_PRIVATE_EXTERN = NO;
				GCC_WARN_64_TO_32_BIT_CONVERSION = YES;
				GCC_WARN_ABOUT_RETURN_TYPE = YES_ERROR;
				GCC_WARN_UNDECLARED_SELECTOR = YES;
				GCC_WARN_UNINITIALIZED_AUTOS = YES_AGGRESSIVE;
				GCC_WARN_UNUSED_FUNCTION = YES;
				GCC_WARN_UNUSED_VARIABLE = YES;
				MACOSX_DEPLOYMENT_TARGET = 10.9;
				MTL_ENABLE_DEBUG_INFO = YES;
				ONLY_ACTIVE_ARCH = YES;
				SDKROOT = macosx;
			};
			name = Debug;
		};
		62CA732919FF50F60007514A /* Release */ = {
			isa = XCBuildConfiguration;
			buildSettings = {
				ALWAYS_SEARCH_USER_PATHS = NO;
				CLANG_CXX_LANGUAGE_STANDARD = "gnu++0x";
				CLANG_CXX_LIBRARY = "libc++";
				CLANG_ENABLE_MODULES = YES;
				CLANG_ENABLE_OBJC_ARC = YES;
				CLANG_WARN_BOOL_CONVERSION = YES;
				CLANG_WARN_CONSTANT_CONVERSION = YES;
				CLANG_WARN_DIRECT_OBJC_ISA_USAGE = YES_ERROR;
				CLANG_WARN_EMPTY_BODY = YES;
				CLANG_WARN_ENUM_CONVERSION = YES;
				CLANG_WARN_INT_CONVERSION = YES;
				CLANG_WARN_OBJC_ROOT_CLASS = YES_ERROR;
				CLANG_WARN_UNREACHABLE_CODE = YES;
				CLANG_WARN__DUPLICATE_METHOD_MATCH = YES;
				COPY_PHASE_STRIP = YES;
				DEBUG_INFORMATION_FORMAT = "dwarf-with-dsym";
				ENABLE_NS_ASSERTIONS = NO;
				ENABLE_STRICT_OBJC_MSGSEND = YES;
				GCC_C_LANGUAGE_STANDARD = gnu99;
				GCC_WARN_64_TO_32_BIT_CONVERSION = YES;
				GCC_WARN_ABOUT_RETURN_TYPE = YES_ERROR;
				GCC_WARN_UNDECLARED_SELECTOR = YES;
				GCC_WARN_UNINITIALIZED_AUTOS = YES_AGGRESSIVE;
				GCC_WARN_UNUSED_FUNCTION = YES;
				GCC_WARN_UNUSED_VARIABLE = YES;
				MACOSX_DEPLOYMENT_TARGET = 10.9;
				MTL_ENABLE_DEBUG_INFO = NO;
				SDKROOT = macosx;
			};
			name = Release;
		};
		62CA732B19FF50F60007514A /* Debug */ = {
			isa = XCBuildConfiguration;
			buildSettings = {
				PRODUCT_NAME = "$(TARGET_NAME)";
			};
			name = Debug;
		};
		62CA732C19FF50F60007514A /* Release */ = {
			isa = XCBuildConfiguration;
			buildSettings = {
				PRODUCT_NAME = "$(TARGET_NAME)";
			};
			name = Release;
		};
/* End XCBuildConfiguration section */

/* Begin XCConfigurationList section */
		62CA731E19FF50F60007514A /* Build configuration list for PBXProject "bufferManager" */ = {
			isa = XCConfigurationList;
			buildConfigurations = (
				62CA732819FF50F60007514A /* Debug */,
				62CA732919FF50F60007514A /* Release */,
			);
			defaultConfigurationIsVisible = 0;
			defaultConfigurationName = Release;
		};
		62CA732A19FF50F60007514A /* Build configuration list for PBXNativeTarget "bufferManager" */ = {
			isa = XCConfigurationList;
			buildConfigurations = (
				62CA732B19FF50F60007514A /* Debug */,
				62CA732C19FF50F60007514A /* Release */,
			);
			defaultConfigurationIsVisible = 0;
		};
/* End XCConfigurationList section */
	};
	rootObject = 62CA731B19FF50F60007514A /* Project object */;
}
