// !$*UTF8*$!
{
	archiveVersion = 1;
	classes = {
	};
	objectVersion = 46;
	objects = {

/* Begin PBXBuildFile section */
		629A974E1A1239C600E76E63 /* main.cpp in Sources */ = {isa = PBXBuildFile; fileRef = 629A974D1A1239C600E76E63 /* main.cpp */; };
		629A97561A12408300E76E63 /* interpreter.cpp in Sources */ = {isa = PBXBuildFile; fileRef = 629A97541A12408300E76E63 /* interpreter.cpp */; };
		629A975B1A127DEA00E76E63 /* recordManager.cpp in Sources */ = {isa = PBXBuildFile; fileRef = 629A97571A127DEA00E76E63 /* recordManager.cpp */; };
		629A975C1A127DEA00E76E63 /* request&response.cpp in Sources */ = {isa = PBXBuildFile; fileRef = 629A97591A127DEA00E76E63 /* request&response.cpp */; };
		629A97611A127E0400E76E63 /* catalogManager.cpp in Sources */ = {isa = PBXBuildFile; fileRef = 629A975D1A127E0400E76E63 /* catalogManager.cpp */; };
		629A97621A127E0400E76E63 /* table&index.cpp in Sources */ = {isa = PBXBuildFile; fileRef = 629A975F1A127E0400E76E63 /* table&index.cpp */; };
		629A97651A127E2E00E76E63 /* bufferManager.cpp in Sources */ = {isa = PBXBuildFile; fileRef = 629A97631A127E2E00E76E63 /* bufferManager.cpp */; };
/* End PBXBuildFile section */

/* Begin PBXCopyFilesBuildPhase section */
		629A97481A1239C600E76E63 /* CopyFiles */ = {
			isa = PBXCopyFilesBuildPhase;
			buildActionMask = 2147483647;
			dstPath = /usr/share/man/man1/;
			dstSubfolderSpec = 0;
			files = (
			);
			runOnlyForDeploymentPostprocessing = 1;
		};
/* End PBXCopyFilesBuildPhase section */

/* Begin PBXFileReference section */
		629A974A1A1239C600E76E63 /* intrepreter */ = {isa = PBXFileReference; explicitFileType = "compiled.mach-o.executable"; includeInIndex = 0; path = intrepreter; sourceTree = BUILT_PRODUCTS_DIR; };
		629A974D1A1239C600E76E63 /* main.cpp */ = {isa = PBXFileReference; lastKnownFileType = sourcecode.cpp.cpp; path = main.cpp; sourceTree = "<group>"; };
		629A97541A12408300E76E63 /* interpreter.cpp */ = {isa = PBXFileReference; fileEncoding = 4; lastKnownFileType = sourcecode.cpp.cpp; path = interpreter.cpp; sourceTree = "<group>"; };
		629A97551A12408300E76E63 /* interpreter.h */ = {isa = PBXFileReference; fileEncoding = 4; lastKnownFileType = sourcecode.c.h; path = interpreter.h; sourceTree = "<group>"; };
		629A97571A127DEA00E76E63 /* recordManager.cpp */ = {isa = PBXFileReference; fileEncoding = 4; lastKnownFileType = sourcecode.cpp.cpp; name = recordManager.cpp; path = ../../recordManager/recordManager/recordManager.cpp; sourceTree = "<group>"; };
		629A97581A127DEA00E76E63 /* recordManager.h */ = {isa = PBXFileReference; fileEncoding = 4; lastKnownFileType = sourcecode.c.h; name = recordManager.h; path = ../../recordManager/recordManager/recordManager.h; sourceTree = "<group>"; };
		629A97591A127DEA00E76E63 /* request&response.cpp */ = {isa = PBXFileReference; fileEncoding = 4; lastKnownFileType = sourcecode.cpp.cpp; name = "request&response.cpp"; path = "../../recordManager/recordManager/request&response.cpp"; sourceTree = "<group>"; };
		629A975A1A127DEA00E76E63 /* request&response.h */ = {isa = PBXFileReference; fileEncoding = 4; lastKnownFileType = sourcecode.c.h; name = "request&response.h"; path = "../../recordManager/recordManager/request&response.h"; sourceTree = "<group>"; };
		629A975D1A127E0400E76E63 /* catalogManager.cpp */ = {isa = PBXFileReference; fileEncoding = 4; lastKnownFileType = sourcecode.cpp.cpp; name = catalogManager.cpp; path = ../../catalogManager/catalogManager/catalogManager.cpp; sourceTree = "<group>"; };
		629A975E1A127E0400E76E63 /* catalogManager.h */ = {isa = PBXFileReference; fileEncoding = 4; lastKnownFileType = sourcecode.c.h; name = catalogManager.h; path = ../../catalogManager/catalogManager/catalogManager.h; sourceTree = "<group>"; };
		629A975F1A127E0400E76E63 /* table&index.cpp */ = {isa = PBXFileReference; fileEncoding = 4; lastKnownFileType = sourcecode.cpp.cpp; name = "table&index.cpp"; path = "../../catalogManager/catalogManager/table&index.cpp"; sourceTree = "<group>"; };
		629A97601A127E0400E76E63 /* table&index.h */ = {isa = PBXFileReference; fileEncoding = 4; lastKnownFileType = sourcecode.c.h; name = "table&index.h"; path = "../../catalogManager/catalogManager/table&index.h"; sourceTree = "<group>"; };
		629A97631A127E2E00E76E63 /* bufferManager.cpp */ = {isa = PBXFileReference; fileEncoding = 4; lastKnownFileType = sourcecode.cpp.cpp; name = bufferManager.cpp; path = ../../bufferManager/bufferManager/bufferManager.cpp; sourceTree = "<group>"; };
		629A97641A127E2E00E76E63 /* bufferManager.h */ = {isa = PBXFileReference; fileEncoding = 4; lastKnownFileType = sourcecode.c.h; name = bufferManager.h; path = ../../bufferManager/bufferManager/bufferManager.h; sourceTree = "<group>"; };
/* End PBXFileReference section */

/* Begin PBXFrameworksBuildPhase section */
		629A97471A1239C600E76E63 /* Frameworks */ = {
			isa = PBXFrameworksBuildPhase;
			buildActionMask = 2147483647;
			files = (
			);
			runOnlyForDeploymentPostprocessing = 0;
		};
/* End PBXFrameworksBuildPhase section */

/* Begin PBXGroup section */
		629A97411A1239C600E76E63 = {
			isa = PBXGroup;
			children = (
				629A974C1A1239C600E76E63 /* intrepreter */,
				629A974B1A1239C600E76E63 /* Products */,
			);
			sourceTree = "<group>";
		};
		629A974B1A1239C600E76E63 /* Products */ = {
			isa = PBXGroup;
			children = (
				629A974A1A1239C600E76E63 /* intrepreter */,
			);
			name = Products;
			sourceTree = "<group>";
		};
		629A974C1A1239C600E76E63 /* intrepreter */ = {
			isa = PBXGroup;
			children = (
				629A97631A127E2E00E76E63 /* bufferManager.cpp */,
				629A97641A127E2E00E76E63 /* bufferManager.h */,
				629A975D1A127E0400E76E63 /* catalogManager.cpp */,
				629A975E1A127E0400E76E63 /* catalogManager.h */,
				629A975F1A127E0400E76E63 /* table&index.cpp */,
				629A97601A127E0400E76E63 /* table&index.h */,
				629A97571A127DEA00E76E63 /* recordManager.cpp */,
				629A97581A127DEA00E76E63 /* recordManager.h */,
				629A97591A127DEA00E76E63 /* request&response.cpp */,
				629A975A1A127DEA00E76E63 /* request&response.h */,
				629A974D1A1239C600E76E63 /* main.cpp */,
				629A97541A12408300E76E63 /* interpreter.cpp */,
				629A97551A12408300E76E63 /* interpreter.h */,
			);
			path = intrepreter;
			sourceTree = "<group>";
		};
/* End PBXGroup section */

/* Begin PBXNativeTarget section */
		629A97491A1239C600E76E63 /* intrepreter */ = {
			isa = PBXNativeTarget;
			buildConfigurationList = 629A97511A1239C600E76E63 /* Build configuration list for PBXNativeTarget "intrepreter" */;
			buildPhases = (
				629A97461A1239C600E76E63 /* Sources */,
				629A97471A1239C600E76E63 /* Frameworks */,
				629A97481A1239C600E76E63 /* CopyFiles */,
			);
			buildRules = (
			);
			dependencies = (
			);
			name = intrepreter;
			productName = intrepreter;
			productReference = 629A974A1A1239C600E76E63 /* intrepreter */;
			productType = "com.apple.product-type.tool";
		};
/* End PBXNativeTarget section */

/* Begin PBXProject section */
		629A97421A1239C600E76E63 /* Project object */ = {
			isa = PBXProject;
			attributes = {
				LastUpgradeCheck = 0600;
				ORGANIZATIONNAME = "黄佳睿";
				TargetAttributes = {
					629A97491A1239C600E76E63 = {
						CreatedOnToolsVersion = 6.0.1;
					};
				};
			};
			buildConfigurationList = 629A97451A1239C600E76E63 /* Build configuration list for PBXProject "intrepreter" */;
			compatibilityVersion = "Xcode 3.2";
			developmentRegion = English;
			hasScannedForEncodings = 0;
			knownRegions = (
				en,
			);
			mainGroup = 629A97411A1239C600E76E63;
			productRefGroup = 629A974B1A1239C600E76E63 /* Products */;
			projectDirPath = "";
			projectRoot = "";
			targets = (
				629A97491A1239C600E76E63 /* intrepreter */,
			);
		};
/* End PBXProject section */

/* Begin PBXSourcesBuildPhase section */
		629A97461A1239C600E76E63 /* Sources */ = {
			isa = PBXSourcesBuildPhase;
			buildActionMask = 2147483647;
			files = (
				629A97651A127E2E00E76E63 /* bufferManager.cpp in Sources */,
				629A97561A12408300E76E63 /* interpreter.cpp in Sources */,
				629A975B1A127DEA00E76E63 /* recordManager.cpp in Sources */,
				629A974E1A1239C600E76E63 /* main.cpp in Sources */,
				629A975C1A127DEA00E76E63 /* request&response.cpp in Sources */,
				629A97621A127E0400E76E63 /* table&index.cpp in Sources */,
				629A97611A127E0400E76E63 /* catalogManager.cpp in Sources */,
			);
			runOnlyForDeploymentPostprocessing = 0;
		};
/* End PBXSourcesBuildPhase section */

/* Begin XCBuildConfiguration section */
		629A974F1A1239C600E76E63 /* Debug */ = {
			isa = XCBuildConfiguration;
			buildSettings = {
				ALWAYS_SEARCH_USER_PATHS = NO;
				CLANG_CXX_LANGUAGE_STANDARD = "gnu++0x";
				CLANG_CXX_LIBRARY = "libc++";
				CLANG_ENABLE_MODULES = YES;
				CLANG_ENABLE_OBJC_ARC = YES;
				CLANG_WARN_BOOL_CONVERSION = YES;
				CLANG_WARN_CONSTANT_CONVERSION = YES;
				CLANG_WARN_DIRECT_OBJC_ISA_USAGE = YES_ERROR;
				CLANG_WARN_EMPTY_BODY = YES;
				CLANG_WARN_ENUM_CONVERSION = YES;
				CLANG_WARN_INT_CONVERSION = YES;
				CLANG_WARN_OBJC_ROOT_CLASS = YES_ERROR;
				CLANG_WARN_UNREACHABLE_CODE = YES;
				CLANG_WARN__DUPLICATE_METHOD_MATCH = YES;
				COPY_PHASE_STRIP = NO;
				ENABLE_STRICT_OBJC_MSGSEND = YES;
				GCC_C_LANGUAGE_STANDARD = gnu99;
				GCC_DYNAMIC_NO_PIC = NO;
				GCC_OPTIMIZATION_LEVEL = 0;
				GCC_PREPROCESSOR_DEFINITIONS = (
					"DEBUG=1",
					"$(inherited)",
				);
				GCC_SYMBOLS_PRIVATE_EXTERN = NO;
				GCC_WARN_64_TO_32_BIT_CONVERSION = YES;
				GCC_WARN_ABOUT_RETURN_TYPE = YES_ERROR;
				GCC_WARN_UNDECLARED_SELECTOR = YES;
				GCC_WARN_UNINITIALIZED_AUTOS = YES_AGGRESSIVE;
				GCC_WARN_UNUSED_FUNCTION = YES;
				GCC_WARN_UNUSED_VARIABLE = YES;
				MACOSX_DEPLOYMENT_TARGET = 10.9;
				MTL_ENABLE_DEBUG_INFO = YES;
				ONLY_ACTIVE_ARCH = YES;
				SDKROOT = macosx;
			};
			name = Debug;
		};
		629A97501A1239C600E76E63 /* Release */ = {
			isa = XCBuildConfiguration;
			buildSettings = {
				ALWAYS_SEARCH_USER_PATHS = NO;
				CLANG_CXX_LANGUAGE_STANDARD = "gnu++0x";
				CLANG_CXX_LIBRARY = "libc++";
				CLANG_ENABLE_MODULES = YES;
				CLANG_ENABLE_OBJC_ARC = YES;
				CLANG_WARN_BOOL_CONVERSION = YES;
				CLANG_WARN_CONSTANT_CONVERSION = YES;
				CLANG_WARN_DIRECT_OBJC_ISA_USAGE = YES_ERROR;
				CLANG_WARN_EMPTY_BODY = YES;
				CLANG_WARN_ENUM_CONVERSION = YES;
				CLANG_WARN_INT_CONVERSION = YES;
				CLANG_WARN_OBJC_ROOT_CLASS = YES_ERROR;
				CLANG_WARN_UNREACHABLE_CODE = YES;
				CLANG_WARN__DUPLICATE_METHOD_MATCH = YES;
				COPY_PHASE_STRIP = YES;
				DEBUG_INFORMATION_FORMAT = "dwarf-with-dsym";
				ENABLE_NS_ASSERTIONS = NO;
				ENABLE_STRICT_OBJC_MSGSEND = YES;
				GCC_C_LANGUAGE_STANDARD = gnu99;
				GCC_WARN_64_TO_32_BIT_CONVERSION = YES;
				GCC_WARN_ABOUT_RETURN_TYPE = YES_ERROR;
				GCC_WARN_UNDECLARED_SELECTOR = YES;
				GCC_WARN_UNINITIALIZED_AUTOS = YES_AGGRESSIVE;
				GCC_WARN_UNUSED_FUNCTION = YES;
				GCC_WARN_UNUSED_VARIABLE = YES;
				MACOSX_DEPLOYMENT_TARGET = 10.9;
				MTL_ENABLE_DEBUG_INFO = NO;
				SDKROOT = macosx;
			};
			name = Release;
		};
		629A97521A1239C600E76E63 /* Debug */ = {
			isa = XCBuildConfiguration;
			buildSettings = {
				PRODUCT_NAME = "$(TARGET_NAME)";
			};
			name = Debug;
		};
		629A97531A1239C600E76E63 /* Release */ = {
			isa = XCBuildConfiguration;
			buildSettings = {
				PRODUCT_NAME = "$(TARGET_NAME)";
			};
			name = Release;
		};
/* End XCBuildConfiguration section */

/* Begin XCConfigurationList section */
		629A97451A1239C600E76E63 /* Build configuration list for PBXProject "intrepreter" */ = {
			isa = XCConfigurationList;
			buildConfigurations = (
				629A974F1A1239C600E76E63 /* Debug */,
				629A97501A1239C600E76E63 /* Release */,
			);
			defaultConfigurationIsVisible = 0;
			defaultConfigurationName = Release;
		};
		629A97511A1239C600E76E63 /* Build configuration list for PBXNativeTarget "intrepreter" */ = {
			isa = XCConfigurationList;
			buildConfigurations = (
				629A97521A1239C600E76E63 /* Debug */,
				629A97531A1239C600E76E63 /* Release */,
			);
			defaultConfigurationIsVisible = 0;
			defaultConfigurationName = Release;
		};
/* End XCConfigurationList section */
	};
	rootObject = 629A97421A1239C600E76E63 /* Project object */;
}
